
Microsoft Visual Studio Solution File, Format Version 12.00
# Visual Studio Version 16
VisualStudioVersion = 16.0.30204.135
MinimumVisualStudioVersion = 10.0.40219.1
Project("{FAE04EC0-301F-11D3-BF4B-00C04F79EFBC}") = "Carrito_de_compras", "Carrito_de_compras\Carrito_de_compras.csproj", "{BFDDC84C-84A0-43E5-BE92-168D35DBD537}"
EndProject
Global
	GlobalSection(SolutionConfigurationPlatforms) = preSolution
		Debug|Any CPU = Debug|Any CPU
		Release|Any CPU = Release|Any CPU
	EndGlobalSection
	GlobalSection(ProjectConfigurationPlatforms) = postSolution
		{BFDDC84C-84A0-43E5-BE92-168D35DBD537}.Debug|Any CPU.ActiveCfg = Debug|Any CPU
		{BFDDC84C-84A0-43E5-BE92-168D35DBD537}.Debug|Any CPU.Build.0 = Debug|Any CPU
		{BFDDC84C-84A0-43E5-BE92-168D35DBD537}.Release|Any CPU.ActiveCfg = Release|Any CPU
		{BFDDC84C-84A0-43E5-BE92-168D35DBD537}.Release|Any CPU.Build.0 = Release|Any CPU
	EndGlobalSection
	GlobalSection(SolutionProperties) = preSolution
		HideSolutionNode = FALSE
	EndGlobalSection
	GlobalSection(ExtensibilityGlobals) = postSolution
		SolutionGuid = {169827E9-58D2-456F-A8D7-8C0DA36D9C0D}
	EndGlobalSection
EndGlobal
